// !$*UTF8*$!
{
	archiveVersion = 1;
	classes = {
	};
	objectVersion = 46;
	objects = {

/* Begin PBXBuildFile section */
		04D4E5670BDD3C189C408784 /* libPods-Interviewbud.a in Frameworks */ = {isa = PBXBuildFile; fileRef = E04AB1C865A52589CCC19CA9 /* libPods-Interviewbud.a */; };
		4BBC4E94A5A978AB1AEA661A /* libPods-InterviewQuestTests.a in Frameworks */ = {isa = PBXBuildFile; fileRef = 291E92806537BB7B1B14A01B /* libPods-InterviewQuestTests.a */; };
		6F570CF928F1243C4AF8C5FA /* libPods-InterviewQuestUITests.a in Frameworks */ = {isa = PBXBuildFile; fileRef = DEDDEA3D7FB59E8A8B288EAD /* libPods-InterviewQuestUITests.a */; };
		9D3C32F74BEE649E1D245FFF /* libPods-InterviewbudTests.a in Frameworks */ = {isa = PBXBuildFile; fileRef = 9DF0E26DBE90EF6AE3514C5C /* libPods-InterviewbudTests.a */; };
		A3279F3B90E1BF17FEC5570F /* libPods-InterviewbudUITests.a in Frameworks */ = {isa = PBXBuildFile; fileRef = 2461CB16ADE69F51E59C62E6 /* libPods-InterviewbudUITests.a */; };
		B20B3FE31D3C540B000A0F80 /* IVQSettingsViewController.m in Sources */ = {isa = PBXBuildFile; fileRef = B20B3FE21D3C540B000A0F80 /* IVQSettingsViewController.m */; };
		B20B3FE61D3CA3D1000A0F80 /* keys.plist in Resources */ = {isa = PBXBuildFile; fileRef = B20B3FE51D3CA3D1000A0F80 /* keys.plist */; };
		B21434991CE96FD000AE90E5 /* IVQQuestion.m in Sources */ = {isa = PBXBuildFile; fileRef = B21434981CE96FD000AE90E5 /* IVQQuestion.m */; };
		B221EEBF1D3601D400DFC657 /* GoogleService-Info.plist in Resources */ = {isa = PBXBuildFile; fileRef = B221EEBE1D3601D400DFC657 /* GoogleService-Info.plist */; };
		B22C7FBC1D484E640072632A /* IVQOnboardingViewController.m in Sources */ = {isa = PBXBuildFile; fileRef = B22C7FBB1D484E640072632A /* IVQOnboardingViewController.m */; };
		B22C7FC01D484FFD0072632A /* IVQOnboardingScreenViewController.m in Sources */ = {isa = PBXBuildFile; fileRef = B22C7FBF1D484FFD0072632A /* IVQOnboardingScreenViewController.m */; };
		B22C7FC21D486C950072632A /* IVQOnboardingScreenView.xib in Resources */ = {isa = PBXBuildFile; fileRef = B22C7FC11D486C950072632A /* IVQOnboardingScreenView.xib */; };
		B25E78291CED6EC200A12E8F /* IVQGameViewController.m in Sources */ = {isa = PBXBuildFile; fileRef = B25E78281CED6EC200A12E8F /* IVQGameViewController.m */; };
		B25E782B1CED6F8A00A12E8F /* IVQGameView.xib in Resources */ = {isa = PBXBuildFile; fileRef = B25E782A1CED6F8A00A12E8F /* IVQGameView.xib */; };
		B2751C921CF56041005C33C5 /* IVQGameQuestionTableViewCell.m in Sources */ = {isa = PBXBuildFile; fileRef = B2751C901CF56041005C33C5 /* IVQGameQuestionTableViewCell.m */; };
		B2751C931CF56041005C33C5 /* IVQGameQuestionTableViewCell.xib in Resources */ = {isa = PBXBuildFile; fileRef = B2751C911CF56041005C33C5 /* IVQGameQuestionTableViewCell.xib */; };
		B27DFD321D3760E50076260F /* IVQProfileView.xib in Resources */ = {isa = PBXBuildFile; fileRef = B27DFD311D3760E50076260F /* IVQProfileView.xib */; };
		B2A831A61CFB8340009B6155 /* IVQGameAnswerTableViewCell.m in Sources */ = {isa = PBXBuildFile; fileRef = B2A831A41CFB8340009B6155 /* IVQGameAnswerTableViewCell.m */; };
		B2A831A71CFB8340009B6155 /* IVQGameAnswerTableViewCell.xib in Resources */ = {isa = PBXBuildFile; fileRef = B2A831A51CFB8340009B6155 /* IVQGameAnswerTableViewCell.xib */; };
		B2A831AA1CFB8CB9009B6155 /* IVQGame.m in Sources */ = {isa = PBXBuildFile; fileRef = B2A831A91CFB8CB9009B6155 /* IVQGame.m */; };
		B2A831AD1CFB8D7C009B6155 /* IVQGameQuestion.m in Sources */ = {isa = PBXBuildFile; fileRef = B2A831AC1CFB8D7C009B6155 /* IVQGameQuestion.m */; };
		B2B212121CE79087009244D6 /* main.m in Sources */ = {isa = PBXBuildFile; fileRef = B2B212111CE79087009244D6 /* main.m */; };
		B2B212151CE79087009244D6 /* AppDelegate.m in Sources */ = {isa = PBXBuildFile; fileRef = B2B212141CE79087009244D6 /* AppDelegate.m */; };
		B2B2121D1CE79087009244D6 /* Assets.xcassets in Resources */ = {isa = PBXBuildFile; fileRef = B2B2121C1CE79087009244D6 /* Assets.xcassets */; };
		B2B212201CE79087009244D6 /* LaunchScreen.storyboard in Resources */ = {isa = PBXBuildFile; fileRef = B2B2121E1CE79087009244D6 /* LaunchScreen.storyboard */; };
		B2B2122B1CE79087009244D6 /* InterviewQuestTests.m in Sources */ = {isa = PBXBuildFile; fileRef = B2B2122A1CE79087009244D6 /* InterviewQuestTests.m */; };
		B2B212361CE79087009244D6 /* InterviewQuestUITests.m in Sources */ = {isa = PBXBuildFile; fileRef = B2B212351CE79087009244D6 /* InterviewQuestUITests.m */; };
		B2B776921CF955F1009E77F4 /* IVQGameOverView.xib in Resources */ = {isa = PBXBuildFile; fileRef = B2B776911CF955F1009E77F4 /* IVQGameOverView.xib */; };
		B2B776951CF95673009E77F4 /* IVQGameOverViewController.m in Sources */ = {isa = PBXBuildFile; fileRef = B2B776941CF95673009E77F4 /* IVQGameOverViewController.m */; };
		B2C0458E1CEC272C00F797FF /* IVQHomeView.xib in Resources */ = {isa = PBXBuildFile; fileRef = B2C0458D1CEC272C00F797FF /* IVQHomeView.xib */; };
		B2C045911CEC286E00F797FF /* IVQHomeViewController.m in Sources */ = {isa = PBXBuildFile; fileRef = B2C045901CEC286E00F797FF /* IVQHomeViewController.m */; };
		B2ECCFE91D376063009564D3 /* IVQProfileViewController.m in Sources */ = {isa = PBXBuildFile; fileRef = B2ECCFE81D376063009564D3 /* IVQProfileViewController.m */; };
/* End PBXBuildFile section */

/* Begin PBXContainerItemProxy section */
		B2B212271CE79087009244D6 /* PBXContainerItemProxy */ = {
			isa = PBXContainerItemProxy;
			containerPortal = B2B212051CE79087009244D6 /* Project object */;
			proxyType = 1;
			remoteGlobalIDString = B2B2120C1CE79087009244D6;
			remoteInfo = InterviewQuest;
		};
		B2B212321CE79087009244D6 /* PBXContainerItemProxy */ = {
			isa = PBXContainerItemProxy;
			containerPortal = B2B212051CE79087009244D6 /* Project object */;
			proxyType = 1;
			remoteGlobalIDString = B2B2120C1CE79087009244D6;
			remoteInfo = InterviewQuest;
		};
/* End PBXContainerItemProxy section */

/* Begin PBXFileReference section */
		214698CB7B08B04FE843627C /* Pods-InterviewbudTests.release.xcconfig */ = {isa = PBXFileReference; includeInIndex = 1; lastKnownFileType = text.xcconfig; name = "Pods-InterviewbudTests.release.xcconfig"; path = "Pods/Target Support Files/Pods-InterviewbudTests/Pods-InterviewbudTests.release.xcconfig"; sourceTree = "<group>"; };
		2461CB16ADE69F51E59C62E6 /* libPods-InterviewbudUITests.a */ = {isa = PBXFileReference; explicitFileType = archive.ar; includeInIndex = 0; path = "libPods-InterviewbudUITests.a"; sourceTree = BUILT_PRODUCTS_DIR; };
		291E92806537BB7B1B14A01B /* libPods-InterviewQuestTests.a */ = {isa = PBXFileReference; explicitFileType = archive.ar; includeInIndex = 0; path = "libPods-InterviewQuestTests.a"; sourceTree = BUILT_PRODUCTS_DIR; };
		51FB8934D82AF633FE7247A1 /* Pods-InterviewQuestUITests.release.xcconfig */ = {isa = PBXFileReference; includeInIndex = 1; lastKnownFileType = text.xcconfig; name = "Pods-InterviewQuestUITests.release.xcconfig"; path = "Pods/Target Support Files/Pods-InterviewQuestUITests/Pods-InterviewQuestUITests.release.xcconfig"; sourceTree = "<group>"; };
		799EF6BDD2D6363C076EEE14 /* Pods-InterviewbudTests.debug.xcconfig */ = {isa = PBXFileReference; includeInIndex = 1; lastKnownFileType = text.xcconfig; name = "Pods-InterviewbudTests.debug.xcconfig"; path = "Pods/Target Support Files/Pods-InterviewbudTests/Pods-InterviewbudTests.debug.xcconfig"; sourceTree = "<group>"; };
		8D72548F4C24F784C6F8A3F5 /* libPods-InterviewQuest.a */ = {isa = PBXFileReference; explicitFileType = archive.ar; includeInIndex = 0; path = "libPods-InterviewQuest.a"; sourceTree = BUILT_PRODUCTS_DIR; };
		9DF0E26DBE90EF6AE3514C5C /* libPods-InterviewbudTests.a */ = {isa = PBXFileReference; explicitFileType = archive.ar; includeInIndex = 0; path = "libPods-InterviewbudTests.a"; sourceTree = BUILT_PRODUCTS_DIR; };
		9EA316D3818EBEB03BBDF7A3 /* Pods-InterviewbudUITests.debug.xcconfig */ = {isa = PBXFileReference; includeInIndex = 1; lastKnownFileType = text.xcconfig; name = "Pods-InterviewbudUITests.debug.xcconfig"; path = "Pods/Target Support Files/Pods-InterviewbudUITests/Pods-InterviewbudUITests.debug.xcconfig"; sourceTree = "<group>"; };
		AF9D3EA2E2094633D99A19C2 /* Pods-InterviewQuestUITests.debug.xcconfig */ = {isa = PBXFileReference; includeInIndex = 1; lastKnownFileType = text.xcconfig; name = "Pods-InterviewQuestUITests.debug.xcconfig"; path = "Pods/Target Support Files/Pods-InterviewQuestUITests/Pods-InterviewQuestUITests.debug.xcconfig"; sourceTree = "<group>"; };
		B20B3FE11D3C540B000A0F80 /* IVQSettingsViewController.h */ = {isa = PBXFileReference; fileEncoding = 4; lastKnownFileType = sourcecode.c.h; name = IVQSettingsViewController.h; path = Controllers/Settings/IVQSettingsViewController.h; sourceTree = "<group>"; };
		B20B3FE21D3C540B000A0F80 /* IVQSettingsViewController.m */ = {isa = PBXFileReference; fileEncoding = 4; lastKnownFileType = sourcecode.c.objc; name = IVQSettingsViewController.m; path = Controllers/Settings/IVQSettingsViewController.m; sourceTree = "<group>"; };
		B20B3FE51D3CA3D1000A0F80 /* keys.plist */ = {isa = PBXFileReference; fileEncoding = 4; lastKnownFileType = text.plist.xml; path = keys.plist; sourceTree = "<group>"; };
		B21434971CE96FD000AE90E5 /* IVQQuestion.h */ = {isa = PBXFileReference; fileEncoding = 4; lastKnownFileType = sourcecode.c.h; name = IVQQuestion.h; path = Models/IVQQuestion.h; sourceTree = "<group>"; };
		B21434981CE96FD000AE90E5 /* IVQQuestion.m */ = {isa = PBXFileReference; fileEncoding = 4; lastKnownFileType = sourcecode.c.objc; name = IVQQuestion.m; path = Models/IVQQuestion.m; sourceTree = "<group>"; };
		B221EEBE1D3601D400DFC657 /* GoogleService-Info.plist */ = {isa = PBXFileReference; fileEncoding = 4; lastKnownFileType = text.plist.xml; path = "GoogleService-Info.plist"; sourceTree = "<group>"; };
		B22C7FBA1D484E640072632A /* IVQOnboardingViewController.h */ = {isa = PBXFileReference; fileEncoding = 4; lastKnownFileType = sourcecode.c.h; name = IVQOnboardingViewController.h; path = Controllers/Onboarding/IVQOnboardingViewController.h; sourceTree = "<group>"; };
		B22C7FBB1D484E640072632A /* IVQOnboardingViewController.m */ = {isa = PBXFileReference; fileEncoding = 4; lastKnownFileType = sourcecode.c.objc; name = IVQOnboardingViewController.m; path = Controllers/Onboarding/IVQOnboardingViewController.m; sourceTree = "<group>"; };
		B22C7FBE1D484FFD0072632A /* IVQOnboardingScreenViewController.h */ = {isa = PBXFileReference; fileEncoding = 4; lastKnownFileType = sourcecode.c.h; name = IVQOnboardingScreenViewController.h; path = Controllers/Onboarding/IVQOnboardingScreenViewController.h; sourceTree = "<group>"; };
		B22C7FBF1D484FFD0072632A /* IVQOnboardingScreenViewController.m */ = {isa = PBXFileReference; fileEncoding = 4; lastKnownFileType = sourcecode.c.objc; name = IVQOnboardingScreenViewController.m; path = Controllers/Onboarding/IVQOnboardingScreenViewController.m; sourceTree = "<group>"; };
		B22C7FC11D486C950072632A /* IVQOnboardingScreenView.xib */ = {isa = PBXFileReference; fileEncoding = 4; lastKnownFileType = file.xib; name = IVQOnboardingScreenView.xib; path = Views/Onboarding/IVQOnboardingScreenView.xib; sourceTree = "<group>"; };
		B25E78271CED6EC200A12E8F /* IVQGameViewController.h */ = {isa = PBXFileReference; fileEncoding = 4; lastKnownFileType = sourcecode.c.h; name = IVQGameViewController.h; path = Controllers/Game/IVQGameViewController.h; sourceTree = "<group>"; };
		B25E78281CED6EC200A12E8F /* IVQGameViewController.m */ = {isa = PBXFileReference; fileEncoding = 4; lastKnownFileType = sourcecode.c.objc; name = IVQGameViewController.m; path = Controllers/Game/IVQGameViewController.m; sourceTree = "<group>"; };
		B25E782A1CED6F8A00A12E8F /* IVQGameView.xib */ = {isa = PBXFileReference; fileEncoding = 4; lastKnownFileType = file.xib; name = IVQGameView.xib; path = Views/Game/IVQGameView.xib; sourceTree = "<group>"; };
		B2751C8F1CF56041005C33C5 /* IVQGameQuestionTableViewCell.h */ = {isa = PBXFileReference; fileEncoding = 4; lastKnownFileType = sourcecode.c.h; name = IVQGameQuestionTableViewCell.h; path = Views/Game/IVQGameQuestionTableViewCell.h; sourceTree = "<group>"; };
		B2751C901CF56041005C33C5 /* IVQGameQuestionTableViewCell.m */ = {isa = PBXFileReference; fileEncoding = 4; lastKnownFileType = sourcecode.c.objc; name = IVQGameQuestionTableViewCell.m; path = Views/Game/IVQGameQuestionTableViewCell.m; sourceTree = "<group>"; };
		B2751C911CF56041005C33C5 /* IVQGameQuestionTableViewCell.xib */ = {isa = PBXFileReference; fileEncoding = 4; lastKnownFileType = file.xib; name = IVQGameQuestionTableViewCell.xib; path = Views/Game/IVQGameQuestionTableViewCell.xib; sourceTree = "<group>"; };
		B27DFD311D3760E50076260F /* IVQProfileView.xib */ = {isa = PBXFileReference; fileEncoding = 4; lastKnownFileType = file.xib; name = IVQProfileView.xib; path = Views/Profile/IVQProfileView.xib; sourceTree = "<group>"; };
		B2A831A31CFB8340009B6155 /* IVQGameAnswerTableViewCell.h */ = {isa = PBXFileReference; fileEncoding = 4; lastKnownFileType = sourcecode.c.h; name = IVQGameAnswerTableViewCell.h; path = Views/Game/IVQGameAnswerTableViewCell.h; sourceTree = "<group>"; };
		B2A831A41CFB8340009B6155 /* IVQGameAnswerTableViewCell.m */ = {isa = PBXFileReference; fileEncoding = 4; lastKnownFileType = sourcecode.c.objc; name = IVQGameAnswerTableViewCell.m; path = Views/Game/IVQGameAnswerTableViewCell.m; sourceTree = "<group>"; };
		B2A831A51CFB8340009B6155 /* IVQGameAnswerTableViewCell.xib */ = {isa = PBXFileReference; fileEncoding = 4; lastKnownFileType = file.xib; name = IVQGameAnswerTableViewCell.xib; path = Views/Game/IVQGameAnswerTableViewCell.xib; sourceTree = "<group>"; };
		B2A831A81CFB8CB9009B6155 /* IVQGame.h */ = {isa = PBXFileReference; fileEncoding = 4; lastKnownFileType = sourcecode.c.h; name = IVQGame.h; path = Models/IVQGame.h; sourceTree = "<group>"; };
		B2A831A91CFB8CB9009B6155 /* IVQGame.m */ = {isa = PBXFileReference; fileEncoding = 4; lastKnownFileType = sourcecode.c.objc; name = IVQGame.m; path = Models/IVQGame.m; sourceTree = "<group>"; };
		B2A831AB1CFB8D7C009B6155 /* IVQGameQuestion.h */ = {isa = PBXFileReference; fileEncoding = 4; lastKnownFileType = sourcecode.c.h; name = IVQGameQuestion.h; path = Models/IVQGameQuestion.h; sourceTree = "<group>"; };
		B2A831AC1CFB8D7C009B6155 /* IVQGameQuestion.m */ = {isa = PBXFileReference; fileEncoding = 4; lastKnownFileType = sourcecode.c.objc; name = IVQGameQuestion.m; path = Models/IVQGameQuestion.m; sourceTree = "<group>"; };
		B2B2120D1CE79087009244D6 /* Interviewbud.app */ = {isa = PBXFileReference; explicitFileType = wrapper.application; includeInIndex = 0; path = Interviewbud.app; sourceTree = BUILT_PRODUCTS_DIR; };
		B2B212111CE79087009244D6 /* main.m */ = {isa = PBXFileReference; lastKnownFileType = sourcecode.c.objc; path = main.m; sourceTree = "<group>"; };
		B2B212131CE79087009244D6 /* AppDelegate.h */ = {isa = PBXFileReference; lastKnownFileType = sourcecode.c.h; path = AppDelegate.h; sourceTree = "<group>"; };
		B2B212141CE79087009244D6 /* AppDelegate.m */ = {isa = PBXFileReference; lastKnownFileType = sourcecode.c.objc; path = AppDelegate.m; sourceTree = "<group>"; };
		B2B2121C1CE79087009244D6 /* Assets.xcassets */ = {isa = PBXFileReference; lastKnownFileType = folder.assetcatalog; path = Assets.xcassets; sourceTree = "<group>"; };
		B2B2121F1CE79087009244D6 /* Base */ = {isa = PBXFileReference; lastKnownFileType = file.storyboard; name = Base; path = Base.lproj/LaunchScreen.storyboard; sourceTree = "<group>"; };
		B2B212211CE79087009244D6 /* Info.plist */ = {isa = PBXFileReference; lastKnownFileType = text.plist.xml; path = Info.plist; sourceTree = "<group>"; };
		B2B212261CE79087009244D6 /* InterviewbudTests.xctest */ = {isa = PBXFileReference; explicitFileType = wrapper.cfbundle; includeInIndex = 0; path = InterviewbudTests.xctest; sourceTree = BUILT_PRODUCTS_DIR; };
		B2B2122A1CE79087009244D6 /* InterviewQuestTests.m */ = {isa = PBXFileReference; lastKnownFileType = sourcecode.c.objc; path = InterviewQuestTests.m; sourceTree = "<group>"; };
		B2B2122C1CE79087009244D6 /* Info.plist */ = {isa = PBXFileReference; lastKnownFileType = text.plist.xml; path = Info.plist; sourceTree = "<group>"; };
		B2B212311CE79087009244D6 /* InterviewbudUITests.xctest */ = {isa = PBXFileReference; explicitFileType = wrapper.cfbundle; includeInIndex = 0; path = InterviewbudUITests.xctest; sourceTree = BUILT_PRODUCTS_DIR; };
		B2B212351CE79087009244D6 /* InterviewQuestUITests.m */ = {isa = PBXFileReference; lastKnownFileType = sourcecode.c.objc; path = InterviewQuestUITests.m; sourceTree = "<group>"; };
		B2B212371CE79087009244D6 /* Info.plist */ = {isa = PBXFileReference; lastKnownFileType = text.plist.xml; path = Info.plist; sourceTree = "<group>"; };
		B2B776911CF955F1009E77F4 /* IVQGameOverView.xib */ = {isa = PBXFileReference; fileEncoding = 4; lastKnownFileType = file.xib; name = IVQGameOverView.xib; path = Views/Game/IVQGameOverView.xib; sourceTree = "<group>"; };
		B2B776931CF95673009E77F4 /* IVQGameOverViewController.h */ = {isa = PBXFileReference; fileEncoding = 4; lastKnownFileType = sourcecode.c.h; name = IVQGameOverViewController.h; path = Controllers/Game/IVQGameOverViewController.h; sourceTree = "<group>"; };
		B2B776941CF95673009E77F4 /* IVQGameOverViewController.m */ = {isa = PBXFileReference; fileEncoding = 4; lastKnownFileType = sourcecode.c.objc; name = IVQGameOverViewController.m; path = Controllers/Game/IVQGameOverViewController.m; sourceTree = "<group>"; };
		B2C0458D1CEC272C00F797FF /* IVQHomeView.xib */ = {isa = PBXFileReference; fileEncoding = 4; lastKnownFileType = file.xib; name = IVQHomeView.xib; path = Views/Home/IVQHomeView.xib; sourceTree = "<group>"; };
		B2C0458F1CEC286E00F797FF /* IVQHomeViewController.h */ = {isa = PBXFileReference; fileEncoding = 4; lastKnownFileType = sourcecode.c.h; name = IVQHomeViewController.h; path = Controllers/Home/IVQHomeViewController.h; sourceTree = "<group>"; };
		B2C045901CEC286E00F797FF /* IVQHomeViewController.m */ = {isa = PBXFileReference; fileEncoding = 4; lastKnownFileType = sourcecode.c.objc; name = IVQHomeViewController.m; path = Controllers/Home/IVQHomeViewController.m; sourceTree = "<group>"; };
		B2E3602D1DF6425600AA8283 /* Interviewbud.entitlements */ = {isa = PBXFileReference; lastKnownFileType = text.plist.entitlements; path = Interviewbud.entitlements; sourceTree = "<group>"; };
		B2ECCFE71D376063009564D3 /* IVQProfileViewController.h */ = {isa = PBXFileReference; fileEncoding = 4; lastKnownFileType = sourcecode.c.h; name = IVQProfileViewController.h; path = Controllers/Profile/IVQProfileViewController.h; sourceTree = "<group>"; };
		B2ECCFE81D376063009564D3 /* IVQProfileViewController.m */ = {isa = PBXFileReference; fileEncoding = 4; lastKnownFileType = sourcecode.c.objc; name = IVQProfileViewController.m; path = Controllers/Profile/IVQProfileViewController.m; sourceTree = "<group>"; };
		B824CE1DCABAC582149587BD /* Pods-InterviewQuest.release.xcconfig */ = {isa = PBXFileReference; includeInIndex = 1; lastKnownFileType = text.xcconfig; name = "Pods-InterviewQuest.release.xcconfig"; path = "Pods/Target Support Files/Pods-InterviewQuest/Pods-InterviewQuest.release.xcconfig"; sourceTree = "<group>"; };
		BB07D56BF09BB88601BEE3CC /* Pods-InterviewQuest.debug.xcconfig */ = {isa = PBXFileReference; includeInIndex = 1; lastKnownFileType = text.xcconfig; name = "Pods-InterviewQuest.debug.xcconfig"; path = "Pods/Target Support Files/Pods-InterviewQuest/Pods-InterviewQuest.debug.xcconfig"; sourceTree = "<group>"; };
		C0199AB792090FFB3446FB7A /* Pods-InterviewQuestTests.debug.xcconfig */ = {isa = PBXFileReference; includeInIndex = 1; lastKnownFileType = text.xcconfig; name = "Pods-InterviewQuestTests.debug.xcconfig"; path = "Pods/Target Support Files/Pods-InterviewQuestTests/Pods-InterviewQuestTests.debug.xcconfig"; sourceTree = "<group>"; };
		C0FCBF3347FF1ACB24C37F55 /* Pods-Interviewbud.release.xcconfig */ = {isa = PBXFileReference; includeInIndex = 1; lastKnownFileType = text.xcconfig; name = "Pods-Interviewbud.release.xcconfig"; path = "Pods/Target Support Files/Pods-Interviewbud/Pods-Interviewbud.release.xcconfig"; sourceTree = "<group>"; };
		C4528659FC194885E5AD9473 /* Pods-InterviewbudUITests.release.xcconfig */ = {isa = PBXFileReference; includeInIndex = 1; lastKnownFileType = text.xcconfig; name = "Pods-InterviewbudUITests.release.xcconfig"; path = "Pods/Target Support Files/Pods-InterviewbudUITests/Pods-InterviewbudUITests.release.xcconfig"; sourceTree = "<group>"; };
		C914F97FEDB4CE58E44CE8A5 /* Pods-Interviewbud.debug.xcconfig */ = {isa = PBXFileReference; includeInIndex = 1; lastKnownFileType = text.xcconfig; name = "Pods-Interviewbud.debug.xcconfig"; path = "Pods/Target Support Files/Pods-Interviewbud/Pods-Interviewbud.debug.xcconfig"; sourceTree = "<group>"; };
		DEDDEA3D7FB59E8A8B288EAD /* libPods-InterviewQuestUITests.a */ = {isa = PBXFileReference; explicitFileType = archive.ar; includeInIndex = 0; path = "libPods-InterviewQuestUITests.a"; sourceTree = BUILT_PRODUCTS_DIR; };
		E04AB1C865A52589CCC19CA9 /* libPods-Interviewbud.a */ = {isa = PBXFileReference; explicitFileType = archive.ar; includeInIndex = 0; path = "libPods-Interviewbud.a"; sourceTree = BUILT_PRODUCTS_DIR; };
		E0BC3430BAA7853565B47B0D /* Pods-InterviewQuestTests.release.xcconfig */ = {isa = PBXFileReference; includeInIndex = 1; lastKnownFileType = text.xcconfig; name = "Pods-InterviewQuestTests.release.xcconfig"; path = "Pods/Target Support Files/Pods-InterviewQuestTests/Pods-InterviewQuestTests.release.xcconfig"; sourceTree = "<group>"; };
/* End PBXFileReference section */

/* Begin PBXFrameworksBuildPhase section */
		B2B2120A1CE79087009244D6 /* Frameworks */ = {
			isa = PBXFrameworksBuildPhase;
			buildActionMask = 2147483647;
			files = (
				04D4E5670BDD3C189C408784 /* libPods-Interviewbud.a in Frameworks */,
			);
			runOnlyForDeploymentPostprocessing = 0;
		};
		B2B212231CE79087009244D6 /* Frameworks */ = {
			isa = PBXFrameworksBuildPhase;
			buildActionMask = 2147483647;
			files = (
				4BBC4E94A5A978AB1AEA661A /* libPods-InterviewQuestTests.a in Frameworks */,
				9D3C32F74BEE649E1D245FFF /* libPods-InterviewbudTests.a in Frameworks */,
			);
			runOnlyForDeploymentPostprocessing = 0;
		};
		B2B2122E1CE79087009244D6 /* Frameworks */ = {
			isa = PBXFrameworksBuildPhase;
			buildActionMask = 2147483647;
			files = (
				6F570CF928F1243C4AF8C5FA /* libPods-InterviewQuestUITests.a in Frameworks */,
				A3279F3B90E1BF17FEC5570F /* libPods-InterviewbudUITests.a in Frameworks */,
			);
			runOnlyForDeploymentPostprocessing = 0;
		};
/* End PBXFrameworksBuildPhase section */

/* Begin PBXGroup section */
		A300A6F5E4B587A94231510A /* Frameworks */ = {
			isa = PBXGroup;
			children = (
				8D72548F4C24F784C6F8A3F5 /* libPods-InterviewQuest.a */,
				291E92806537BB7B1B14A01B /* libPods-InterviewQuestTests.a */,
				DEDDEA3D7FB59E8A8B288EAD /* libPods-InterviewQuestUITests.a */,
				E04AB1C865A52589CCC19CA9 /* libPods-Interviewbud.a */,
				9DF0E26DBE90EF6AE3514C5C /* libPods-InterviewbudTests.a */,
				2461CB16ADE69F51E59C62E6 /* libPods-InterviewbudUITests.a */,
			);
			name = Frameworks;
			sourceTree = "<group>";
		};
		AD9C208015BC8497EA0BBFF5 /* Pods */ = {
			isa = PBXGroup;
			children = (
				BB07D56BF09BB88601BEE3CC /* Pods-InterviewQuest.debug.xcconfig */,
				B824CE1DCABAC582149587BD /* Pods-InterviewQuest.release.xcconfig */,
				C0199AB792090FFB3446FB7A /* Pods-InterviewQuestTests.debug.xcconfig */,
				E0BC3430BAA7853565B47B0D /* Pods-InterviewQuestTests.release.xcconfig */,
				AF9D3EA2E2094633D99A19C2 /* Pods-InterviewQuestUITests.debug.xcconfig */,
				51FB8934D82AF633FE7247A1 /* Pods-InterviewQuestUITests.release.xcconfig */,
				C914F97FEDB4CE58E44CE8A5 /* Pods-Interviewbud.debug.xcconfig */,
				C0FCBF3347FF1ACB24C37F55 /* Pods-Interviewbud.release.xcconfig */,
				799EF6BDD2D6363C076EEE14 /* Pods-InterviewbudTests.debug.xcconfig */,
				214698CB7B08B04FE843627C /* Pods-InterviewbudTests.release.xcconfig */,
				9EA316D3818EBEB03BBDF7A3 /* Pods-InterviewbudUITests.debug.xcconfig */,
				C4528659FC194885E5AD9473 /* Pods-InterviewbudUITests.release.xcconfig */,
			);
			name = Pods;
			sourceTree = "<group>";
		};
		B21434961CE96F9300AE90E5 /* Models */ = {
			isa = PBXGroup;
			children = (
				B2A831A81CFB8CB9009B6155 /* IVQGame.h */,
				B2A831A91CFB8CB9009B6155 /* IVQGame.m */,
				B2A831AB1CFB8D7C009B6155 /* IVQGameQuestion.h */,
				B2A831AC1CFB8D7C009B6155 /* IVQGameQuestion.m */,
				B21434971CE96FD000AE90E5 /* IVQQuestion.h */,
				B21434981CE96FD000AE90E5 /* IVQQuestion.m */,
			);
			name = Models;
			sourceTree = "<group>";
		};
		B22C7FBD1D484E6A0072632A /* Onboarding */ = {
			isa = PBXGroup;
			children = (
				B22C7FBA1D484E640072632A /* IVQOnboardingViewController.h */,
				B22C7FBB1D484E640072632A /* IVQOnboardingViewController.m */,
				B22C7FBE1D484FFD0072632A /* IVQOnboardingScreenViewController.h */,
				B22C7FBF1D484FFD0072632A /* IVQOnboardingScreenViewController.m */,
			);
			name = Onboarding;
			sourceTree = "<group>";
		};
		B22C7FC31D486CA00072632A /* Onboarding */ = {
			isa = PBXGroup;
			children = (
				B22C7FC11D486C950072632A /* IVQOnboardingScreenView.xib */,
			);
			name = Onboarding;
			sourceTree = "<group>";
		};
		B27DFD331D3760ED0076260F /* Profile */ = {
			isa = PBXGroup;
			children = (
				B27DFD311D3760E50076260F /* IVQProfileView.xib */,
			);
			name = Profile;
			sourceTree = "<group>";
		};
		B2B212041CE79087009244D6 = {
			isa = PBXGroup;
			children = (
				B2B2120F1CE79087009244D6 /* Interviewbud */,
				B2B212291CE79087009244D6 /* InterviewbudTests */,
				B2B212341CE79087009244D6 /* InterviewbudUITests */,
				B2B2120E1CE79087009244D6 /* Products */,
				AD9C208015BC8497EA0BBFF5 /* Pods */,
				A300A6F5E4B587A94231510A /* Frameworks */,
			);
			sourceTree = "<group>";
		};
		B2B2120E1CE79087009244D6 /* Products */ = {
			isa = PBXGroup;
			children = (
				B2B2120D1CE79087009244D6 /* Interviewbud.app */,
				B2B212261CE79087009244D6 /* InterviewbudTests.xctest */,
				B2B212311CE79087009244D6 /* InterviewbudUITests.xctest */,
			);
			name = Products;
			sourceTree = "<group>";
		};
		B2B2120F1CE79087009244D6 /* Interviewbud */ = {
			isa = PBXGroup;
			children = (
				B2E3602D1DF6425600AA8283 /* Interviewbud.entitlements */,
				B2B212131CE79087009244D6 /* AppDelegate.h */,
				B2B212141CE79087009244D6 /* AppDelegate.m */,
				B21434961CE96F9300AE90E5 /* Models */,
				B2B212471CE7B66D009244D6 /* Views */,
				B2B212431CE7B5E9009244D6 /* Controllers */,
				B2B212101CE79087009244D6 /* Supporting Files */,
			);
			name = Interviewbud;
			path = InterviewQuest;
			sourceTree = "<group>";
		};
		B2B212101CE79087009244D6 /* Supporting Files */ = {
			isa = PBXGroup;
			children = (
				B2B2121C1CE79087009244D6 /* Assets.xcassets */,
				B221EEBE1D3601D400DFC657 /* GoogleService-Info.plist */,
				B2B212211CE79087009244D6 /* Info.plist */,
				B2B212111CE79087009244D6 /* main.m */,
				B20B3FE51D3CA3D1000A0F80 /* keys.plist */,
			);
			name = "Supporting Files";
			sourceTree = "<group>";
		};
		B2B212291CE79087009244D6 /* InterviewbudTests */ = {
			isa = PBXGroup;
			children = (
				B2B2122A1CE79087009244D6 /* InterviewQuestTests.m */,
				B2B2122C1CE79087009244D6 /* Info.plist */,
			);
			name = InterviewbudTests;
			path = InterviewQuestTests;
			sourceTree = "<group>";
		};
		B2B212341CE79087009244D6 /* InterviewbudUITests */ = {
			isa = PBXGroup;
			children = (
				B2B212351CE79087009244D6 /* InterviewQuestUITests.m */,
				B2B212371CE79087009244D6 /* Info.plist */,
			);
			name = InterviewbudUITests;
			path = InterviewQuestUITests;
			sourceTree = "<group>";
		};
		B2B212431CE7B5E9009244D6 /* Controllers */ = {
			isa = PBXGroup;
			children = (
				B2B776871CF937AA009E77F4 /* Game */,
				B2B7768B1CF93F2C009E77F4 /* Home */,
				B22C7FBD1D484E6A0072632A /* Onboarding */,
				B2ECCFEA1D376087009564D3 /* Profile */,
				B2B776881CF937E8009E77F4 /* Settings */,
			);
			name = Controllers;
			sourceTree = "<group>";
		};
		B2B212471CE7B66D009244D6 /* Views */ = {
			isa = PBXGroup;
			children = (
				B2B776861CF93782009E77F4 /* Game */,
				B2B7768A1CF93F20009E77F4 /* Home */,
				B22C7FC31D486CA00072632A /* Onboarding */,
				B27DFD331D3760ED0076260F /* Profile */,
				B2B2121E1CE79087009244D6 /* LaunchScreen.storyboard */,
			);
			name = Views;
			sourceTree = "<group>";
		};
		B2B776861CF93782009E77F4 /* Game */ = {
			isa = PBXGroup;
			children = (
				B25E782A1CED6F8A00A12E8F /* IVQGameView.xib */,
				B2751C8F1CF56041005C33C5 /* IVQGameQuestionTableViewCell.h */,
				B2751C901CF56041005C33C5 /* IVQGameQuestionTableViewCell.m */,
				B2751C911CF56041005C33C5 /* IVQGameQuestionTableViewCell.xib */,
				B2B776911CF955F1009E77F4 /* IVQGameOverView.xib */,
				B2A831A31CFB8340009B6155 /* IVQGameAnswerTableViewCell.h */,
				B2A831A41CFB8340009B6155 /* IVQGameAnswerTableViewCell.m */,
				B2A831A51CFB8340009B6155 /* IVQGameAnswerTableViewCell.xib */,
			);
			name = Game;
			sourceTree = "<group>";
		};
		B2B776871CF937AA009E77F4 /* Game */ = {
			isa = PBXGroup;
			children = (
				B25E78271CED6EC200A12E8F /* IVQGameViewController.h */,
				B25E78281CED6EC200A12E8F /* IVQGameViewController.m */,
				B2B776931CF95673009E77F4 /* IVQGameOverViewController.h */,
				B2B776941CF95673009E77F4 /* IVQGameOverViewController.m */,
			);
			name = Game;
			sourceTree = "<group>";
		};
		B2B776881CF937E8009E77F4 /* Settings */ = {
			isa = PBXGroup;
			children = (
				B20B3FE11D3C540B000A0F80 /* IVQSettingsViewController.h */,
				B20B3FE21D3C540B000A0F80 /* IVQSettingsViewController.m */,
			);
			name = Settings;
			sourceTree = "<group>";
		};
		B2B7768A1CF93F20009E77F4 /* Home */ = {
			isa = PBXGroup;
			children = (
				B2C0458D1CEC272C00F797FF /* IVQHomeView.xib */,
			);
			name = Home;
			sourceTree = "<group>";
		};
		B2B7768B1CF93F2C009E77F4 /* Home */ = {
			isa = PBXGroup;
			children = (
				B2C0458F1CEC286E00F797FF /* IVQHomeViewController.h */,
				B2C045901CEC286E00F797FF /* IVQHomeViewController.m */,
			);
			name = Home;
			sourceTree = "<group>";
		};
		B2ECCFEA1D376087009564D3 /* Profile */ = {
			isa = PBXGroup;
			children = (
				B2ECCFE71D376063009564D3 /* IVQProfileViewController.h */,
				B2ECCFE81D376063009564D3 /* IVQProfileViewController.m */,
			);
			name = Profile;
			sourceTree = "<group>";
		};
/* End PBXGroup section */

/* Begin PBXNativeTarget section */
		B2B2120C1CE79087009244D6 /* Interviewbud */ = {
			isa = PBXNativeTarget;
			buildConfigurationList = B2B2123A1CE79087009244D6 /* Build configuration list for PBXNativeTarget "Interviewbud" */;
			buildPhases = (
				F26E4BAC0C95E8143D61146E /* [CP] Check Pods Manifest.lock */,
				B2B212091CE79087009244D6 /* Sources */,
				B2B2120A1CE79087009244D6 /* Frameworks */,
				B2B2120B1CE79087009244D6 /* Resources */,
				56B7C148FEFB3089C3FFD64C /* [CP] Embed Pods Frameworks */,
				9536FD1B8220C0FB12A809FD /* [CP] Copy Pods Resources */,
				B20B3FE41D3CA351000A0F80 /* Fabric */,
			);
			buildRules = (
			);
			dependencies = (
			);
			name = Interviewbud;
			productName = InterviewQuest;
			productReference = B2B2120D1CE79087009244D6 /* Interviewbud.app */;
			productType = "com.apple.product-type.application";
		};
		B2B212251CE79087009244D6 /* InterviewbudTests */ = {
			isa = PBXNativeTarget;
			buildConfigurationList = B2B2123D1CE79087009244D6 /* Build configuration list for PBXNativeTarget "InterviewbudTests" */;
			buildPhases = (
				B96E6901C1DBF88E444D0BDF /* [CP] Check Pods Manifest.lock */,
				B2B212221CE79087009244D6 /* Sources */,
				B2B212231CE79087009244D6 /* Frameworks */,
				B2B212241CE79087009244D6 /* Resources */,
				314E10AF07A85120465F8C4B /* [CP] Embed Pods Frameworks */,
				AEC5D42F2B8FD216206F7EF1 /* [CP] Copy Pods Resources */,
			);
			buildRules = (
			);
			dependencies = (
				B2B212281CE79087009244D6 /* PBXTargetDependency */,
			);
			name = InterviewbudTests;
			productName = InterviewQuestTests;
			productReference = B2B212261CE79087009244D6 /* InterviewbudTests.xctest */;
			productType = "com.apple.product-type.bundle.unit-test";
		};
		B2B212301CE79087009244D6 /* InterviewbudUITests */ = {
			isa = PBXNativeTarget;
			buildConfigurationList = B2B212401CE79087009244D6 /* Build configuration list for PBXNativeTarget "InterviewbudUITests" */;
			buildPhases = (
				E2E690BC006A88F639BBFB68 /* [CP] Check Pods Manifest.lock */,
				B2B2122D1CE79087009244D6 /* Sources */,
				B2B2122E1CE79087009244D6 /* Frameworks */,
				B2B2122F1CE79087009244D6 /* Resources */,
				AB77F9B68155747CDF688766 /* [CP] Copy Pods Resources */,
				81A19C0209887B9B351CECF1 /* [CP] Embed Pods Frameworks */,
			);
			buildRules = (
			);
			dependencies = (
				B2B212331CE79087009244D6 /* PBXTargetDependency */,
			);
			name = InterviewbudUITests;
			productName = InterviewQuestUITests;
			productReference = B2B212311CE79087009244D6 /* InterviewbudUITests.xctest */;
			productType = "com.apple.product-type.bundle.ui-testing";
		};
/* End PBXNativeTarget section */

/* Begin PBXProject section */
		B2B212051CE79087009244D6 /* Project object */ = {
			isa = PBXProject;
			attributes = {
				CLASSPREFIX = IVQ;
				LastUpgradeCheck = 0800;
				ORGANIZATIONNAME = "New School Old School";
				TargetAttributes = {
					B2B2120C1CE79087009244D6 = {
						CreatedOnToolsVersion = 7.3.1;
						DevelopmentTeam = 7UK3DU72Q2;
						SystemCapabilities = {
							com.apple.Keychain = {
								enabled = 1;
							};
						};
					};
					B2B212251CE79087009244D6 = {
						CreatedOnToolsVersion = 7.3.1;
						TestTargetID = B2B2120C1CE79087009244D6;
					};
					B2B212301CE79087009244D6 = {
						CreatedOnToolsVersion = 7.3.1;
						TestTargetID = B2B2120C1CE79087009244D6;
					};
				};
			};
			buildConfigurationList = B2B212081CE79087009244D6 /* Build configuration list for PBXProject "Interviewbud" */;
			compatibilityVersion = "Xcode 3.2";
			developmentRegion = English;
			hasScannedForEncodings = 0;
			knownRegions = (
				en,
				Base,
			);
			mainGroup = B2B212041CE79087009244D6;
			productRefGroup = B2B2120E1CE79087009244D6 /* Products */;
			projectDirPath = "";
			projectRoot = "";
			targets = (
				B2B2120C1CE79087009244D6 /* Interviewbud */,
				B2B212251CE79087009244D6 /* InterviewbudTests */,
				B2B212301CE79087009244D6 /* InterviewbudUITests */,
			);
		};
/* End PBXProject section */

/* Begin PBXResourcesBuildPhase section */
		B2B2120B1CE79087009244D6 /* Resources */ = {
			isa = PBXResourcesBuildPhase;
			buildActionMask = 2147483647;
			files = (
				B22C7FC21D486C950072632A /* IVQOnboardingScreenView.xib in Resources */,
				B2A831A71CFB8340009B6155 /* IVQGameAnswerTableViewCell.xib in Resources */,
				B2B212201CE79087009244D6 /* LaunchScreen.storyboard in Resources */,
				B2751C931CF56041005C33C5 /* IVQGameQuestionTableViewCell.xib in Resources */,
				B27DFD321D3760E50076260F /* IVQProfileView.xib in Resources */,
				B25E782B1CED6F8A00A12E8F /* IVQGameView.xib in Resources */,
				B2B776921CF955F1009E77F4 /* IVQGameOverView.xib in Resources */,
				B20B3FE61D3CA3D1000A0F80 /* keys.plist in Resources */,
				B221EEBF1D3601D400DFC657 /* GoogleService-Info.plist in Resources */,
				B2C0458E1CEC272C00F797FF /* IVQHomeView.xib in Resources */,
				B2B2121D1CE79087009244D6 /* Assets.xcassets in Resources */,
			);
			runOnlyForDeploymentPostprocessing = 0;
		};
		B2B212241CE79087009244D6 /* Resources */ = {
			isa = PBXResourcesBuildPhase;
			buildActionMask = 2147483647;
			files = (
			);
			runOnlyForDeploymentPostprocessing = 0;
		};
		B2B2122F1CE79087009244D6 /* Resources */ = {
			isa = PBXResourcesBuildPhase;
			buildActionMask = 2147483647;
			files = (
			);
			runOnlyForDeploymentPostprocessing = 0;
		};
/* End PBXResourcesBuildPhase section */

/* Begin PBXShellScriptBuildPhase section */
		314E10AF07A85120465F8C4B /* [CP] Embed Pods Frameworks */ = {
			isa = PBXShellScriptBuildPhase;
			buildActionMask = 2147483647;
			files = (
			);
			inputPaths = (
			);
			name = "[CP] Embed Pods Frameworks";
			outputPaths = (
			);
			runOnlyForDeploymentPostprocessing = 0;
			shellPath = /bin/sh;
			shellScript = "\"${SRCROOT}/Pods/Target Support Files/Pods-InterviewbudTests/Pods-InterviewbudTests-frameworks.sh\"\n";
			showEnvVarsInLog = 0;
		};
		56B7C148FEFB3089C3FFD64C /* [CP] Embed Pods Frameworks */ = {
			isa = PBXShellScriptBuildPhase;
			buildActionMask = 2147483647;
			files = (
			);
			inputPaths = (
			);
			name = "[CP] Embed Pods Frameworks";
			outputPaths = (
			);
			runOnlyForDeploymentPostprocessing = 0;
			shellPath = /bin/sh;
			shellScript = "\"${SRCROOT}/Pods/Target Support Files/Pods-Interviewbud/Pods-Interviewbud-frameworks.sh\"\n";
			showEnvVarsInLog = 0;
		};
		81A19C0209887B9B351CECF1 /* [CP] Embed Pods Frameworks */ = {
			isa = PBXShellScriptBuildPhase;
			buildActionMask = 2147483647;
			files = (
			);
			inputPaths = (
			);
			name = "[CP] Embed Pods Frameworks";
			outputPaths = (
			);
			runOnlyForDeploymentPostprocessing = 0;
			shellPath = /bin/sh;
			shellScript = "\"${SRCROOT}/Pods/Target Support Files/Pods-InterviewbudUITests/Pods-InterviewbudUITests-frameworks.sh\"\n";
			showEnvVarsInLog = 0;
		};
		9536FD1B8220C0FB12A809FD /* [CP] Copy Pods Resources */ = {
			isa = PBXShellScriptBuildPhase;
			buildActionMask = 2147483647;
			files = (
			);
			inputPaths = (
			);
			name = "[CP] Copy Pods Resources";
			outputPaths = (
			);
			runOnlyForDeploymentPostprocessing = 0;
			shellPath = /bin/sh;
			shellScript = "\"${SRCROOT}/Pods/Target Support Files/Pods-Interviewbud/Pods-Interviewbud-resources.sh\"\n";
			showEnvVarsInLog = 0;
		};
		AB77F9B68155747CDF688766 /* [CP] Copy Pods Resources */ = {
			isa = PBXShellScriptBuildPhase;
			buildActionMask = 2147483647;
			files = (
			);
			inputPaths = (
			);
			name = "[CP] Copy Pods Resources";
			outputPaths = (
			);
			runOnlyForDeploymentPostprocessing = 0;
			shellPath = /bin/sh;
			shellScript = "\"${SRCROOT}/Pods/Target Support Files/Pods-InterviewbudUITests/Pods-InterviewbudUITests-resources.sh\"\n";
			showEnvVarsInLog = 0;
		};
		AEC5D42F2B8FD216206F7EF1 /* [CP] Copy Pods Resources */ = {
			isa = PBXShellScriptBuildPhase;
			buildActionMask = 2147483647;
			files = (
			);
			inputPaths = (
			);
			name = "[CP] Copy Pods Resources";
			outputPaths = (
			);
			runOnlyForDeploymentPostprocessing = 0;
			shellPath = /bin/sh;
			shellScript = "\"${SRCROOT}/Pods/Target Support Files/Pods-InterviewbudTests/Pods-InterviewbudTests-resources.sh\"\n";
			showEnvVarsInLog = 0;
		};
		B20B3FE41D3CA351000A0F80 /* Fabric */ = {
			isa = PBXShellScriptBuildPhase;
			buildActionMask = 2147483647;
			files = (
			);
			inputPaths = (
			);
			name = Fabric;
			outputPaths = (
			);
			runOnlyForDeploymentPostprocessing = 0;
			shellPath = /bin/sh;
			shellScript = "\"${PODS_ROOT}/Fabric/run\" `defaults read \"$PWD\"/InterviewQuest/keys.plist fabricApiKey` `defaults read \"$PWD\"/InterviewQuest/keys.plist fabricBuildSecret`";
		};
		B96E6901C1DBF88E444D0BDF /* [CP] Check Pods Manifest.lock */ = {
			isa = PBXShellScriptBuildPhase;
			buildActionMask = 2147483647;
			files = (
			);
			inputPaths = (
			);
			name = "[CP] Check Pods Manifest.lock";
			outputPaths = (
			);
			runOnlyForDeploymentPostprocessing = 0;
			shellPath = /bin/sh;
			shellScript = "diff \"${PODS_ROOT}/../Podfile.lock\" \"${PODS_ROOT}/Manifest.lock\" > /dev/null\nif [ $? != 0 ] ; then\n    # print error to STDERR\n    echo \"error: The sandbox is not in sync with the Podfile.lock. Run 'pod install' or update your CocoaPods installation.\" >&2\n    exit 1\nfi\n";
			showEnvVarsInLog = 0;
		};
		E2E690BC006A88F639BBFB68 /* [CP] Check Pods Manifest.lock */ = {
			isa = PBXShellScriptBuildPhase;
			buildActionMask = 2147483647;
			files = (
			);
			inputPaths = (
			);
			name = "[CP] Check Pods Manifest.lock";
			outputPaths = (
			);
			runOnlyForDeploymentPostprocessing = 0;
			shellPath = /bin/sh;
			shellScript = "diff \"${PODS_ROOT}/../Podfile.lock\" \"${PODS_ROOT}/Manifest.lock\" > /dev/null\nif [ $? != 0 ] ; then\n    # print error to STDERR\n    echo \"error: The sandbox is not in sync with the Podfile.lock. Run 'pod install' or update your CocoaPods installation.\" >&2\n    exit 1\nfi\n";
			showEnvVarsInLog = 0;
		};
		F26E4BAC0C95E8143D61146E /* [CP] Check Pods Manifest.lock */ = {
			isa = PBXShellScriptBuildPhase;
			buildActionMask = 2147483647;
			files = (
			);
			inputPaths = (
			);
			name = "[CP] Check Pods Manifest.lock";
			outputPaths = (
			);
			runOnlyForDeploymentPostprocessing = 0;
			shellPath = /bin/sh;
			shellScript = "diff \"${PODS_ROOT}/../Podfile.lock\" \"${PODS_ROOT}/Manifest.lock\" > /dev/null\nif [ $? != 0 ] ; then\n    # print error to STDERR\n    echo \"error: The sandbox is not in sync with the Podfile.lock. Run 'pod install' or update your CocoaPods installation.\" >&2\n    exit 1\nfi\n";
			showEnvVarsInLog = 0;
		};
/* End PBXShellScriptBuildPhase section */

/* Begin PBXSourcesBuildPhase section */
		B2B212091CE79087009244D6 /* Sources */ = {
			isa = PBXSourcesBuildPhase;
			buildActionMask = 2147483647;
			files = (
				B22C7FC01D484FFD0072632A /* IVQOnboardingScreenViewController.m in Sources */,
				B2B212151CE79087009244D6 /* AppDelegate.m in Sources */,
				B25E78291CED6EC200A12E8F /* IVQGameViewController.m in Sources */,
				B2B776951CF95673009E77F4 /* IVQGameOverViewController.m in Sources */,
				B2B212121CE79087009244D6 /* main.m in Sources */,
				B2A831A61CFB8340009B6155 /* IVQGameAnswerTableViewCell.m in Sources */,
				B2C045911CEC286E00F797FF /* IVQHomeViewController.m in Sources */,
				B2751C921CF56041005C33C5 /* IVQGameQuestionTableViewCell.m in Sources */,
				B2ECCFE91D376063009564D3 /* IVQProfileViewController.m in Sources */,
				B21434991CE96FD000AE90E5 /* IVQQuestion.m in Sources */,
				B2A831AD1CFB8D7C009B6155 /* IVQGameQuestion.m in Sources */,
				B22C7FBC1D484E640072632A /* IVQOnboardingViewController.m in Sources */,
				B20B3FE31D3C540B000A0F80 /* IVQSettingsViewController.m in Sources */,
				B2A831AA1CFB8CB9009B6155 /* IVQGame.m in Sources */,
			);
			runOnlyForDeploymentPostprocessing = 0;
		};
		B2B212221CE79087009244D6 /* Sources */ = {
			isa = PBXSourcesBuildPhase;
			buildActionMask = 2147483647;
			files = (
				B2B2122B1CE79087009244D6 /* InterviewQuestTests.m in Sources */,
			);
			runOnlyForDeploymentPostprocessing = 0;
		};
		B2B2122D1CE79087009244D6 /* Sources */ = {
			isa = PBXSourcesBuildPhase;
			buildActionMask = 2147483647;
			files = (
				B2B212361CE79087009244D6 /* InterviewQuestUITests.m in Sources */,
			);
			runOnlyForDeploymentPostprocessing = 0;
		};
/* End PBXSourcesBuildPhase section */

/* Begin PBXTargetDependency section */
		B2B212281CE79087009244D6 /* PBXTargetDependency */ = {
			isa = PBXTargetDependency;
			target = B2B2120C1CE79087009244D6 /* Interviewbud */;
			targetProxy = B2B212271CE79087009244D6 /* PBXContainerItemProxy */;
		};
		B2B212331CE79087009244D6 /* PBXTargetDependency */ = {
			isa = PBXTargetDependency;
			target = B2B2120C1CE79087009244D6 /* Interviewbud */;
			targetProxy = B2B212321CE79087009244D6 /* PBXContainerItemProxy */;
		};
/* End PBXTargetDependency section */

/* Begin PBXVariantGroup section */
		B2B2121E1CE79087009244D6 /* LaunchScreen.storyboard */ = {
			isa = PBXVariantGroup;
			children = (
				B2B2121F1CE79087009244D6 /* Base */,
			);
			name = LaunchScreen.storyboard;
			sourceTree = "<group>";
		};
/* End PBXVariantGroup section */

/* Begin XCBuildConfiguration section */
		B2B212381CE79087009244D6 /* Debug */ = {
			isa = XCBuildConfiguration;
			buildSettings = {
				ALWAYS_SEARCH_USER_PATHS = NO;
				CLANG_ANALYZER_NONNULL = YES;
				CLANG_CXX_LANGUAGE_STANDARD = "gnu++0x";
				CLANG_CXX_LIBRARY = "libc++";
				CLANG_ENABLE_MODULES = YES;
				CLANG_ENABLE_OBJC_ARC = YES;
				CLANG_WARN_BOOL_CONVERSION = YES;
				CLANG_WARN_CONSTANT_CONVERSION = YES;
				CLANG_WARN_DIRECT_OBJC_ISA_USAGE = YES_ERROR;
				CLANG_WARN_EMPTY_BODY = YES;
				CLANG_WARN_ENUM_CONVERSION = YES;
				CLANG_WARN_INFINITE_RECURSION = YES;
				CLANG_WARN_INT_CONVERSION = YES;
				CLANG_WARN_OBJC_ROOT_CLASS = YES_ERROR;
				CLANG_WARN_SUSPICIOUS_MOVE = YES;
				CLANG_WARN_UNREACHABLE_CODE = YES;
				CLANG_WARN__DUPLICATE_METHOD_MATCH = YES;
				CODE_SIGN_IDENTITY = "iPhone Developer";
				"CODE_SIGN_IDENTITY[sdk=iphoneos*]" = "iPhone Developer";
				COPY_PHASE_STRIP = NO;
				DEBUG_INFORMATION_FORMAT = dwarf;
				ENABLE_STRICT_OBJC_MSGSEND = YES;
				ENABLE_TESTABILITY = YES;
				GCC_C_LANGUAGE_STANDARD = gnu99;
				GCC_DYNAMIC_NO_PIC = NO;
				GCC_NO_COMMON_BLOCKS = YES;
				GCC_OPTIMIZATION_LEVEL = 0;
				GCC_PREPROCESSOR_DEFINITIONS = (
					"DEBUG=1",
					"$(inherited)",
				);
				GCC_WARN_64_TO_32_BIT_CONVERSION = YES;
				GCC_WARN_ABOUT_RETURN_TYPE = YES_ERROR;
				GCC_WARN_UNDECLARED_SELECTOR = YES;
				GCC_WARN_UNINITIALIZED_AUTOS = YES_AGGRESSIVE;
				GCC_WARN_UNUSED_FUNCTION = YES;
				GCC_WARN_UNUSED_VARIABLE = YES;
				IPHONEOS_DEPLOYMENT_TARGET = 9.3;
				MTL_ENABLE_DEBUG_INFO = YES;
				ONLY_ACTIVE_ARCH = YES;
				SDKROOT = iphoneos;
				TARGETED_DEVICE_FAMILY = "1,2";
			};
			name = Debug;
		};
		B2B212391CE79087009244D6 /* Release */ = {
			isa = XCBuildConfiguration;
			buildSettings = {
				ALWAYS_SEARCH_USER_PATHS = NO;
				CLANG_ANALYZER_NONNULL = YES;
				CLANG_CXX_LANGUAGE_STANDARD = "gnu++0x";
				CLANG_CXX_LIBRARY = "libc++";
				CLANG_ENABLE_MODULES = YES;
				CLANG_ENABLE_OBJC_ARC = YES;
				CLANG_WARN_BOOL_CONVERSION = YES;
				CLANG_WARN_CONSTANT_CONVERSION = YES;
				CLANG_WARN_DIRECT_OBJC_ISA_USAGE = YES_ERROR;
				CLANG_WARN_EMPTY_BODY = YES;
				CLANG_WARN_ENUM_CONVERSION = YES;
				CLANG_WARN_INFINITE_RECURSION = YES;
				CLANG_WARN_INT_CONVERSION = YES;
				CLANG_WARN_OBJC_ROOT_CLASS = YES_ERROR;
				CLANG_WARN_SUSPICIOUS_MOVE = YES;
				CLANG_WARN_UNREACHABLE_CODE = YES;
				CLANG_WARN__DUPLICATE_METHOD_MATCH = YES;
				CODE_SIGN_IDENTITY = "iPhone Developer";
				"CODE_SIGN_IDENTITY[sdk=iphoneos*]" = "iPhone Developer";
				COPY_PHASE_STRIP = NO;
				DEBUG_INFORMATION_FORMAT = "dwarf-with-dsym";
				ENABLE_NS_ASSERTIONS = NO;
				ENABLE_STRICT_OBJC_MSGSEND = YES;
				GCC_C_LANGUAGE_STANDARD = gnu99;
				GCC_NO_COMMON_BLOCKS = YES;
				GCC_WARN_64_TO_32_BIT_CONVERSION = YES;
				GCC_WARN_ABOUT_RETURN_TYPE = YES_ERROR;
				GCC_WARN_UNDECLARED_SELECTOR = YES;
				GCC_WARN_UNINITIALIZED_AUTOS = YES_AGGRESSIVE;
				GCC_WARN_UNUSED_FUNCTION = YES;
				GCC_WARN_UNUSED_VARIABLE = YES;
				IPHONEOS_DEPLOYMENT_TARGET = 9.3;
				MTL_ENABLE_DEBUG_INFO = NO;
				SDKROOT = iphoneos;
				TARGETED_DEVICE_FAMILY = "1,2";
				VALIDATE_PRODUCT = YES;
			};
			name = Release;
		};
		B2B2123B1CE79087009244D6 /* Debug */ = {
			isa = XCBuildConfiguration;
			baseConfigurationReference = C914F97FEDB4CE58E44CE8A5 /* Pods-Interviewbud.debug.xcconfig */;
			buildSettings = {
				ASSETCATALOG_COMPILER_APPICON_NAME = AppIcon;
				CODE_SIGN_ENTITLEMENTS = InterviewQuest/Interviewbud.entitlements;
				CODE_SIGN_IDENTITY = "iPhone Developer";
				"CODE_SIGN_IDENTITY[sdk=iphoneos*]" = "iPhone Developer";
				DEVELOPMENT_TEAM = 7UK3DU72Q2;
				INFOPLIST_FILE = InterviewQuest/Info.plist;
				IPHONEOS_DEPLOYMENT_TARGET = 9.3;
				LD_RUNPATH_SEARCH_PATHS = "$(inherited) @executable_path/Frameworks";
				PRODUCT_BUNDLE_IDENTIFIER = com.newschoololdschool.interviewquest;
				PRODUCT_NAME = "$(TARGET_NAME)";
				PROVISIONING_PROFILE = "";
			};
			name = Debug;
		};
		B2B2123C1CE79087009244D6 /* Release */ = {
			isa = XCBuildConfiguration;
			baseConfigurationReference = C0FCBF3347FF1ACB24C37F55 /* Pods-Interviewbud.release.xcconfig */;
			buildSettings = {
				ASSETCATALOG_COMPILER_APPICON_NAME = AppIcon;
				CODE_SIGN_ENTITLEMENTS = InterviewQuest/Interviewbud.entitlements;
				CODE_SIGN_IDENTITY = "iPhone Developer";
				"CODE_SIGN_IDENTITY[sdk=iphoneos*]" = "iPhone Developer";
				DEVELOPMENT_TEAM = 7UK3DU72Q2;
				INFOPLIST_FILE = InterviewQuest/Info.plist;
				IPHONEOS_DEPLOYMENT_TARGET = 9.3;
				LD_RUNPATH_SEARCH_PATHS = "$(inherited) @executable_path/Frameworks";
				PRODUCT_BUNDLE_IDENTIFIER = com.newschoololdschool.interviewquest;
				PRODUCT_NAME = "$(TARGET_NAME)";
				PROVISIONING_PROFILE = "";
			};
			name = Release;
		};
		B2B2123E1CE79087009244D6 /* Debug */ = {
			isa = XCBuildConfiguration;
			baseConfigurationReference = 799EF6BDD2D6363C076EEE14 /* Pods-InterviewbudTests.debug.xcconfig */;
			buildSettings = {
				BUNDLE_LOADER = "$(TEST_HOST)";
				INFOPLIST_FILE = InterviewQuestTests/Info.plist;
				LD_RUNPATH_SEARCH_PATHS = "$(inherited) @executable_path/Frameworks @loader_path/Frameworks";
				PRODUCT_BUNDLE_IDENTIFIER = com.newschoololdschool.InterviewQuestTests;
				PRODUCT_NAME = "$(TARGET_NAME)";
				TEST_HOST = "";
			};
			name = Debug;
		};
		B2B2123F1CE79087009244D6 /* Release */ = {
			isa = XCBuildConfiguration;
			baseConfigurationReference = 214698CB7B08B04FE843627C /* Pods-InterviewbudTests.release.xcconfig */;
			buildSettings = {
				BUNDLE_LOADER = "$(TEST_HOST)";
				INFOPLIST_FILE = InterviewQuestTests/Info.plist;
				LD_RUNPATH_SEARCH_PATHS = "$(inherited) @executable_path/Frameworks @loader_path/Frameworks";
				PRODUCT_BUNDLE_IDENTIFIER = com.newschoololdschool.InterviewQuestTests;
				PRODUCT_NAME = "$(TARGET_NAME)";
				TEST_HOST = "";
			};
			name = Release;
		};
		B2B212411CE79087009244D6 /* Debug */ = {
			isa = XCBuildConfiguration;
			baseConfigurationReference = 9EA316D3818EBEB03BBDF7A3 /* Pods-InterviewbudUITests.debug.xcconfig */;
			buildSettings = {
				INFOPLIST_FILE = InterviewQuestUITests/Info.plist;
				LD_RUNPATH_SEARCH_PATHS = "$(inherited) @executable_path/Frameworks @loader_path/Frameworks";
				PRODUCT_BUNDLE_IDENTIFIER = com.newschoololdschool.InterviewQuestUITests;
				PRODUCT_NAME = "$(TARGET_NAME)";
				TEST_TARGET_NAME = InterviewQuest;
			};
			name = Debug;
		};
		B2B212421CE79087009244D6 /* Release */ = {
			isa = XCBuildConfiguration;
			baseConfigurationReference = C4528659FC194885E5AD9473 /* Pods-InterviewbudUITests.release.xcconfig */;
			buildSettings = {
				INFOPLIST_FILE = InterviewQuestUITests/Info.plist;
				LD_RUNPATH_SEARCH_PATHS = "$(inherited) @executable_path/Frameworks @loader_path/Frameworks";
				PRODUCT_BUNDLE_IDENTIFIER = com.newschoololdschool.InterviewQuestUITests;
				PRODUCT_NAME = "$(TARGET_NAME)";
				TEST_TARGET_NAME = InterviewQuest;
			};
			name = Release;
		};
/* End XCBuildConfiguration section */

/* Begin XCConfigurationList section */
		B2B212081CE79087009244D6 /* Build configuration list for PBXProject "Interviewbud" */ = {
			isa = XCConfigurationList;
			buildConfigurations = (
				B2B212381CE79087009244D6 /* Debug */,
				B2B212391CE79087009244D6 /* Release */,
			);
			defaultConfigurationIsVisible = 0;
			defaultConfigurationName = Release;
		};
		B2B2123A1CE79087009244D6 /* Build configuration list for PBXNativeTarget "Interviewbud" */ = {
			isa = XCConfigurationList;
			buildConfigurations = (
				B2B2123B1CE79087009244D6 /* Debug */,
				B2B2123C1CE79087009244D6 /* Release */,
			);
			defaultConfigurationIsVisible = 0;
			defaultConfigurationName = Release;
		};
		B2B2123D1CE79087009244D6 /* Build configuration list for PBXNativeTarget "InterviewbudTests" */ = {
			isa = XCConfigurationList;
			buildConfigurations = (
				B2B2123E1CE79087009244D6 /* Debug */,
				B2B2123F1CE79087009244D6 /* Release */,
			);
			defaultConfigurationIsVisible = 0;
			defaultConfigurationName = Release;
		};
		B2B212401CE79087009244D6 /* Build configuration list for PBXNativeTarget "InterviewbudUITests" */ = {
			isa = XCConfigurationList;
			buildConfigurations = (
				B2B212411CE79087009244D6 /* Debug */,
				B2B212421CE79087009244D6 /* Release */,
			);
			defaultConfigurationIsVisible = 0;
			defaultConfigurationName = Release;
		};
/* End XCConfigurationList section */
	};
	rootObject = B2B212051CE79087009244D6 /* Project object */;
}
